
Microsoft Visual Studio Solution File, Format Version 12.00
# Visual Studio Version 16
VisualStudioVersion = 16.0.32802.440
MinimumVisualStudioVersion = 10.0.40219.1
Project("{FAE04EC0-301F-11D3-BF4B-00C04F79EFBC}") = "Medicare", "Medicare\Medicare.csproj", "{3C165B40-50BF-45F0-A737-95BD5278E72E}"
EndProject
Global
	GlobalSection(SolutionConfigurationPlatforms) = preSolution
		Debug|Any CPU = Debug|Any CPU
		Release|Any CPU = Release|Any CPU
	EndGlobalSection
	GlobalSection(ProjectConfigurationPlatforms) = postSolution
		{3C165B40-50BF-45F0-A737-95BD5278E72E}.Debug|Any CPU.ActiveCfg = Debug|Any CPU
		{3C165B40-50BF-45F0-A737-95BD5278E72E}.Debug|Any CPU.Build.0 = Debug|Any CPU
		{3C165B40-50BF-45F0-A737-95BD5278E72E}.Release|Any CPU.ActiveCfg = Release|Any CPU
		{3C165B40-50BF-45F0-A737-95BD5278E72E}.Release|Any CPU.Build.0 = Release|Any CPU
	EndGlobalSection
	GlobalSection(SolutionProperties) = preSolution
		HideSolutionNode = FALSE
	EndGlobalSection
	GlobalSection(ExtensibilityGlobals) = postSolution
		SolutionGuid = {DB626773-6361-4D62-B93C-811FA12C7030}
	EndGlobalSection
EndGlobal
